
Microsoft Visual Studio Solution File, Format Version 12.00
# Visual Studio Version 17
VisualStudioVersion = 17.0.32112.339
MinimumVisualStudioVersion = 10.0.40219.1
Project("{FAE04EC0-301F-11D3-BF4B-00C04F79EFBC}") = "Insertion_Sort", "Insertion_Sort\Insertion_Sort.csproj", "{82A7B28F-632F-4F8F-9B7E-0E3393F7DA10}"
EndProject
Global
	GlobalSection(SolutionConfigurationPlatforms) = preSolution
		Debug|Any CPU = Debug|Any CPU
		Release|Any CPU = Release|Any CPU
	EndGlobalSection
	GlobalSection(ProjectConfigurationPlatforms) = postSolution
		{82A7B28F-632F-4F8F-9B7E-0E3393F7DA10}.Debug|Any CPU.ActiveCfg = Debug|Any CPU
		{82A7B28F-632F-4F8F-9B7E-0E3393F7DA10}.Debug|Any CPU.Build.0 = Debug|Any CPU
		{82A7B28F-632F-4F8F-9B7E-0E3393F7DA10}.Release|Any CPU.ActiveCfg = Release|Any CPU
		{82A7B28F-632F-4F8F-9B7E-0E3393F7DA10}.Release|Any CPU.Build.0 = Release|Any CPU
	EndGlobalSection
	GlobalSection(SolutionProperties) = preSolution
		HideSolutionNode = FALSE
	EndGlobalSection
	GlobalSection(ExtensibilityGlobals) = postSolution
		SolutionGuid = {CE7C8169-129B-4B50-860E-777662667B87}
	EndGlobalSection
EndGlobal
